github.com/cpuguy83/go-md2man/v2 v2.0.1/go.mod h1:tgQtvFlXSQOSOSIRvRPT7W67SCa46tRHOmNcaadrF8o=
github.com/inconshreveable/mousetrap v1.0.0 h1:Z8tu5sraLXCXIcARxBp/8cbvlwVa7Z1NHg9XEKhtSvM=
github.com/inconshreveable/mousetrap v1.0.0/go.mod h1:PxqpIevigyE2G7u3NXJIT2ANytuPF1OarO4DADm73n8=
github.com/muesli/coral v0.0.6-0.20220202111213-6eefe0bf0373 h1:vYv4+tlSzUC5dGL/j09BRd62820QjmFdGN+KmeOzVIM=
github.com/muesli/coral v0.0.6-0.20220202111213-6eefe0bf0373/go.mod h1:bf91M/dkp7iHQw73HOoR9PekdTJMTD6ihJgWoDitde8=
github.com/muesli/mango v0.0.0-20220201014152-f7df5a1c5b4b h1:kGcKjlZqUNbpUjBMdIq5/RbA2gN9ypH0Tv+MNBtCgK4=
github.com/muesli/mango v0.0.0-20220201014152-f7df5a1c5b4b/go.mod h1:5XFpbC8jY5UUv89YQciiXNlbi+iJgt29VDC5xbzrLL4=
github.com/muesli/mango-pflag v0.0.0-20220201014449-d694870c5590 h1:bZgkcUsck7Y6kMUcpettBv6jUck4rTrgPEBIKwFbGpM=
github.com/muesli/mango-pflag v0.0.0-20220201014449-d694870c5590/go.mod h1:o2wTF9T2N5YEx+lHxQ6R3RsUg9NH4jyaOIlnJN5KQ04=
github.com/muesli/roff v0.1.0 h1:YD0lalCotmYuF5HhZliKWlIx7IEhiXeSfq7hNjFqGF8=
github.com/muesli/roff v0.1.0/go.mod h1:pjAHQM9hdUUwm/krAfrLGgJkXJ+YuhtsfZ42kieB2Ig=
github.com/russross/blackfriday/v2 v2.1.0/go.mod h1:+Rmxgy9KzJVeS9/2gXHxylqXiyQDYRxCVz55jmeOWTM=
github.com/spf13/pflag v1.0.5 h1:iy+VFUOCP1a+8yFto/drg2CJ5u0yRoB7fZw3DKv/JXA=
github.com/spf13/pflag v1.0.5/go.mod h1:McXfInJRrz4CZXVZOBLb0bTZqETkiAhM9Iw0y3An2Bg=
gopkg.in/check.v1 v0.0.0-20161208181325-20d25e280405/go.mod h1:Co6ibVJAznAaIkqp8huTwlJQCZ016jof/cbN4VW5Yz0=
gopkg.in/yaml.v2 v2.4.0/go.mod h1:RDklbk79AGWmwhnvt/jBztapEOGDOx6ZbXqjP6csGnQ=
